// !$*UTF8*$!
{
	archiveVersion = 1;
	classes = {
	};
	objectVersion = 55;
	objects = {

/* Begin PBXBuildFile section */
		99220DE92876C7E20002B589 /* AppDelegate.swift in Sources */ = {isa = PBXBuildFile; fileRef = 99220DE82876C7E20002B589 /* AppDelegate.swift */; };
		99220DED2876C7E20002B589 /* ViewController.swift in Sources */ = {isa = PBXBuildFile; fileRef = 99220DEC2876C7E20002B589 /* ViewController.swift */; };
		99220DF22876C7E30002B589 /* Assets.xcassets in Resources */ = {isa = PBXBuildFile; fileRef = 99220DF12876C7E30002B589 /* Assets.xcassets */; };
		99220DF52876C7E30002B589 /* LaunchScreen.storyboard in Resources */ = {isa = PBXBuildFile; fileRef = 99220DF32876C7E30002B589 /* LaunchScreen.storyboard */; };
		99220DFE2876C84B0002B589 /* MainTabBarController.swift in Sources */ = {isa = PBXBuildFile; fileRef = 99220DFD2876C84B0002B589 /* MainTabBarController.swift */; };
		99220E042876C8BA0002B589 /* User.swift in Sources */ = {isa = PBXBuildFile; fileRef = 99220E032876C8BA0002B589 /* User.swift */; };
		99220E062876C8CF0002B589 /* Post.swift in Sources */ = {isa = PBXBuildFile; fileRef = 99220E052876C8CF0002B589 /* Post.swift */; };
		99220E082876C8F20002B589 /* Tag.swift in Sources */ = {isa = PBXBuildFile; fileRef = 99220E072876C8F20002B589 /* Tag.swift */; };
		99220E0B2876C9420002B589 /* RxBlocking in Frameworks */ = {isa = PBXBuildFile; productRef = 99220E0A2876C9420002B589 /* RxBlocking */; };
		99220E0D2876C9420002B589 /* RxCocoa in Frameworks */ = {isa = PBXBuildFile; productRef = 99220E0C2876C9420002B589 /* RxCocoa */; };
		99220E0F2876C9420002B589 /* RxRelay in Frameworks */ = {isa = PBXBuildFile; productRef = 99220E0E2876C9420002B589 /* RxRelay */; };
		99220E112876C9420002B589 /* RxSwift in Frameworks */ = {isa = PBXBuildFile; productRef = 99220E102876C9420002B589 /* RxSwift */; };
		99220E142876C9550002B589 /* SnapKit in Frameworks */ = {isa = PBXBuildFile; productRef = 99220E132876C9550002B589 /* SnapKit */; };
		99220E172876C9830002B589 /* Realm in Frameworks */ = {isa = PBXBuildFile; productRef = 99220E162876C9830002B589 /* Realm */; };
		99220E192876C9830002B589 /* RealmSwift in Frameworks */ = {isa = PBXBuildFile; productRef = 99220E182876C9830002B589 /* RealmSwift */; };
		99220E1B2876C9A80002B589 /* NewsViewModel.swift in Sources */ = {isa = PBXBuildFile; fileRef = 99220E1A2876C9A80002B589 /* NewsViewModel.swift */; };
		99220E1D2876C9B20002B589 /* UserViewModel.swift in Sources */ = {isa = PBXBuildFile; fileRef = 99220E1C2876C9B20002B589 /* UserViewModel.swift */; };
		99220E1F2876C9BB0002B589 /* AuthViewModel.swift in Sources */ = {isa = PBXBuildFile; fileRef = 99220E1E2876C9BB0002B589 /* AuthViewModel.swift */; };
		99220E212876C9CA0002B589 /* NewsRepository.swift in Sources */ = {isa = PBXBuildFile; fileRef = 99220E202876C9CA0002B589 /* NewsRepository.swift */; };
		99220E232876C9D40002B589 /* UserRepository.swift in Sources */ = {isa = PBXBuildFile; fileRef = 99220E222876C9D40002B589 /* UserRepository.swift */; };
		99220E252876C9DC0002B589 /* AuthRepository.swift in Sources */ = {isa = PBXBuildFile; fileRef = 99220E242876C9DC0002B589 /* AuthRepository.swift */; };
		99220E292876CA160002B589 /* NewsViewController.swift in Sources */ = {isa = PBXBuildFile; fileRef = 99220E282876CA160002B589 /* NewsViewController.swift */; };
		99220E2B2876CA200002B589 /* ProfileViewController.swift in Sources */ = {isa = PBXBuildFile; fileRef = 99220E2A2876CA200002B589 /* ProfileViewController.swift */; };
		99220E2D2876CA2E0002B589 /* LoginViewController.swift in Sources */ = {isa = PBXBuildFile; fileRef = 99220E2C2876CA2E0002B589 /* LoginViewController.swift */; };
		99220E2F2876CA380002B589 /* RegistrationViewController.swift in Sources */ = {isa = PBXBuildFile; fileRef = 99220E2E2876CA380002B589 /* RegistrationViewController.swift */; };
		99220E312876CA580002B589 /* AppState.swift in Sources */ = {isa = PBXBuildFile; fileRef = 99220E302876CA580002B589 /* AppState.swift */; };
		99220E342876CC550002B589 /* NewsListView.swift in Sources */ = {isa = PBXBuildFile; fileRef = 99220E332876CC550002B589 /* NewsListView.swift */; };
		99220E362876CCAB0002B589 /* NewsTableViewCell.swift in Sources */ = {isa = PBXBuildFile; fileRef = 99220E352876CCAB0002B589 /* NewsTableViewCell.swift */; };
		99220E382876CD660002B589 /* TagsView.swift in Sources */ = {isa = PBXBuildFile; fileRef = 99220E372876CD660002B589 /* TagsView.swift */; };
		99220E3B2876D2B90002B589 /* e_UIImageView.swift in Sources */ = {isa = PBXBuildFile; fileRef = 99220E3A2876D2B90002B589 /* e_UIImageView.swift */; };
		99220E3E2876D9A90002B589 /* UserView.swift in Sources */ = {isa = PBXBuildFile; fileRef = 99220E3D2876D9A90002B589 /* UserView.swift */; };
/* End PBXBuildFile section */

/* Begin PBXFileReference section */
		99220DE52876C7E20002B589 /* NewsRx.app */ = {isa = PBXFileReference; explicitFileType = wrapper.application; includeInIndex = 0; path = NewsRx.app; sourceTree = BUILT_PRODUCTS_DIR; };
		99220DE82876C7E20002B589 /* AppDelegate.swift */ = {isa = PBXFileReference; lastKnownFileType = sourcecode.swift; path = AppDelegate.swift; sourceTree = "<group>"; };
		99220DEC2876C7E20002B589 /* ViewController.swift */ = {isa = PBXFileReference; lastKnownFileType = sourcecode.swift; path = ViewController.swift; sourceTree = "<group>"; };
		99220DF12876C7E30002B589 /* Assets.xcassets */ = {isa = PBXFileReference; lastKnownFileType = folder.assetcatalog; path = Assets.xcassets; sourceTree = "<group>"; };
		99220DF42876C7E30002B589 /* Base */ = {isa = PBXFileReference; lastKnownFileType = file.storyboard; name = Base; path = Base.lproj/LaunchScreen.storyboard; sourceTree = "<group>"; };
		99220DF62876C7E30002B589 /* Info.plist */ = {isa = PBXFileReference; lastKnownFileType = text.plist.xml; path = Info.plist; sourceTree = "<group>"; };
		99220DFD2876C84B0002B589 /* MainTabBarController.swift */ = {isa = PBXFileReference; lastKnownFileType = sourcecode.swift; path = MainTabBarController.swift; sourceTree = "<group>"; };
		99220E032876C8BA0002B589 /* User.swift */ = {isa = PBXFileReference; lastKnownFileType = sourcecode.swift; path = User.swift; sourceTree = "<group>"; };
		99220E052876C8CF0002B589 /* Post.swift */ = {isa = PBXFileReference; lastKnownFileType = sourcecode.swift; path = Post.swift; sourceTree = "<group>"; };
		99220E072876C8F20002B589 /* Tag.swift */ = {isa = PBXFileReference; lastKnownFileType = sourcecode.swift; path = Tag.swift; sourceTree = "<group>"; };
		99220E1A2876C9A80002B589 /* NewsViewModel.swift */ = {isa = PBXFileReference; lastKnownFileType = sourcecode.swift; path = NewsViewModel.swift; sourceTree = "<group>"; };
		99220E1C2876C9B20002B589 /* UserViewModel.swift */ = {isa = PBXFileReference; lastKnownFileType = sourcecode.swift; path = UserViewModel.swift; sourceTree = "<group>"; };
		99220E1E2876C9BB0002B589 /* AuthViewModel.swift */ = {isa = PBXFileReference; lastKnownFileType = sourcecode.swift; path = AuthViewModel.swift; sourceTree = "<group>"; };
		99220E202876C9CA0002B589 /* NewsRepository.swift */ = {isa = PBXFileReference; lastKnownFileType = sourcecode.swift; path = NewsRepository.swift; sourceTree = "<group>"; };
		99220E222876C9D40002B589 /* UserRepository.swift */ = {isa = PBXFileReference; lastKnownFileType = sourcecode.swift; path = UserRepository.swift; sourceTree = "<group>"; };
		99220E242876C9DC0002B589 /* AuthRepository.swift */ = {isa = PBXFileReference; lastKnownFileType = sourcecode.swift; path = AuthRepository.swift; sourceTree = "<group>"; };
		99220E282876CA160002B589 /* NewsViewController.swift */ = {isa = PBXFileReference; lastKnownFileType = sourcecode.swift; path = NewsViewController.swift; sourceTree = "<group>"; };
		99220E2A2876CA200002B589 /* ProfileViewController.swift */ = {isa = PBXFileReference; lastKnownFileType = sourcecode.swift; path = ProfileViewController.swift; sourceTree = "<group>"; };
		99220E2C2876CA2E0002B589 /* LoginViewController.swift */ = {isa = PBXFileReference; lastKnownFileType = sourcecode.swift; path = LoginViewController.swift; sourceTree = "<group>"; };
		99220E2E2876CA380002B589 /* RegistrationViewController.swift */ = {isa = PBXFileReference; lastKnownFileType = sourcecode.swift; path = RegistrationViewController.swift; sourceTree = "<group>"; };
		99220E302876CA580002B589 /* AppState.swift */ = {isa = PBXFileReference; lastKnownFileType = sourcecode.swift; path = AppState.swift; sourceTree = "<group>"; };
		99220E332876CC550002B589 /* NewsListView.swift */ = {isa = PBXFileReference; lastKnownFileType = sourcecode.swift; path = NewsListView.swift; sourceTree = "<group>"; };
		99220E352876CCAB0002B589 /* NewsTableViewCell.swift */ = {isa = PBXFileReference; lastKnownFileType = sourcecode.swift; path = NewsTableViewCell.swift; sourceTree = "<group>"; };
		99220E372876CD660002B589 /* TagsView.swift */ = {isa = PBXFileReference; lastKnownFileType = sourcecode.swift; path = TagsView.swift; sourceTree = "<group>"; };
		99220E3A2876D2B90002B589 /* e_UIImageView.swift */ = {isa = PBXFileReference; lastKnownFileType = sourcecode.swift; path = e_UIImageView.swift; sourceTree = "<group>"; };
		99220E3D2876D9A90002B589 /* UserView.swift */ = {isa = PBXFileReference; lastKnownFileType = sourcecode.swift; path = UserView.swift; sourceTree = "<group>"; };
/* End PBXFileReference section */

/* Begin PBXFrameworksBuildPhase section */
		99220DE22876C7E20002B589 /* Frameworks */ = {
			isa = PBXFrameworksBuildPhase;
			buildActionMask = 2147483647;
			files = (
				99220E172876C9830002B589 /* Realm in Frameworks */,
				99220E0F2876C9420002B589 /* RxRelay in Frameworks */,
				99220E192876C9830002B589 /* RealmSwift in Frameworks */,
				99220E0D2876C9420002B589 /* RxCocoa in Frameworks */,
				99220E112876C9420002B589 /* RxSwift in Frameworks */,
				99220E0B2876C9420002B589 /* RxBlocking in Frameworks */,
				99220E142876C9550002B589 /* SnapKit in Frameworks */,
			);
			runOnlyForDeploymentPostprocessing = 0;
		};
/* End PBXFrameworksBuildPhase section */

/* Begin PBXGroup section */
		99220DDC2876C7E20002B589 = {
			isa = PBXGroup;
			children = (
				99220DE72876C7E20002B589 /* NewsRx */,
				99220DE62876C7E20002B589 /* Products */,
			);
			sourceTree = "<group>";
		};
		99220DE62876C7E20002B589 /* Products */ = {
			isa = PBXGroup;
			children = (
				99220DE52876C7E20002B589 /* NewsRx.app */,
			);
			name = Products;
			sourceTree = "<group>";
		};
		99220DE72876C7E20002B589 /* NewsRx */ = {
			isa = PBXGroup;
			children = (
				99220DE82876C7E20002B589 /* AppDelegate.swift */,
				99220E302876CA580002B589 /* AppState.swift */,
				99220DFC2876C8290002B589 /* View */,
				99220E002876C8710002B589 /* ViewModel */,
				99220E022876C8900002B589 /* Repository */,
				99220E012876C8840002B589 /* Model */,
				99220DEC2876C7E20002B589 /* ViewController.swift */,
				99220DF12876C7E30002B589 /* Assets.xcassets */,
				99220E392876D2A80002B589 /* Extensions */,
				99220DF32876C7E30002B589 /* LaunchScreen.storyboard */,
				99220DF62876C7E30002B589 /* Info.plist */,
			);
			path = NewsRx;
			sourceTree = "<group>";
		};
		99220DFC2876C8290002B589 /* View */ = {
			isa = PBXGroup;
			children = (
				99220DFD2876C84B0002B589 /* MainTabBarController.swift */,
				99220E272876C9F70002B589 /* Auth */,
				99220DFF2876C85E0002B589 /* News */,
				99220E262876C9E50002B589 /* Profile */,
			);
			path = View;
			sourceTree = "<group>";
		};
		99220DFF2876C85E0002B589 /* News */ = {
			isa = PBXGroup;
			children = (
				99220E322876CC3E0002B589 /* Subviews */,
				99220E282876CA160002B589 /* NewsViewController.swift */,
			);
			path = News;
			sourceTree = "<group>";
		};
		99220E002876C8710002B589 /* ViewModel */ = {
			isa = PBXGroup;
			children = (
				99220E1E2876C9BB0002B589 /* AuthViewModel.swift */,
				99220E1A2876C9A80002B589 /* NewsViewModel.swift */,
				99220E1C2876C9B20002B589 /* UserViewModel.swift */,
			);
			path = ViewModel;
			sourceTree = "<group>";
		};
		99220E012876C8840002B589 /* Model */ = {
			isa = PBXGroup;
			children = (
				99220E032876C8BA0002B589 /* User.swift */,
				99220E052876C8CF0002B589 /* Post.swift */,
				99220E072876C8F20002B589 /* Tag.swift */,
			);
			path = Model;
			sourceTree = "<group>";
		};
		99220E022876C8900002B589 /* Repository */ = {
			isa = PBXGroup;
			children = (
				99220E242876C9DC0002B589 /* AuthRepository.swift */,
				99220E202876C9CA0002B589 /* NewsRepository.swift */,
				99220E222876C9D40002B589 /* UserRepository.swift */,
			);
			path = Repository;
			sourceTree = "<group>";
		};
		99220E262876C9E50002B589 /* Profile */ = {
			isa = PBXGroup;
			children = (
				99220E3C2876D9890002B589 /* Subviews */,
				99220E2A2876CA200002B589 /* ProfileViewController.swift */,
			);
			path = Profile;
			sourceTree = "<group>";
		};
		99220E272876C9F70002B589 /* Auth */ = {
			isa = PBXGroup;
			children = (
				99220E2C2876CA2E0002B589 /* LoginViewController.swift */,
				99220E2E2876CA380002B589 /* RegistrationViewController.swift */,
			);
			path = Auth;
			sourceTree = "<group>";
		};
		99220E322876CC3E0002B589 /* Subviews */ = {
			isa = PBXGroup;
			children = (
				99220E332876CC550002B589 /* NewsListView.swift */,
				99220E352876CCAB0002B589 /* NewsTableViewCell.swift */,
				99220E372876CD660002B589 /* TagsView.swift */,
			);
			path = Subviews;
			sourceTree = "<group>";
		};
		99220E392876D2A80002B589 /* Extensions */ = {
			isa = PBXGroup;
			children = (
				99220E3A2876D2B90002B589 /* e_UIImageView.swift */,
			);
			path = Extensions;
			sourceTree = "<group>";
		};
		99220E3C2876D9890002B589 /* Subviews */ = {
			isa = PBXGroup;
			children = (
				99220E3D2876D9A90002B589 /* UserView.swift */,
			);
			path = Subviews;
			sourceTree = "<group>";
		};
/* End PBXGroup section */

/* Begin PBXNativeTarget section */
		99220DE42876C7E20002B589 /* NewsRx */ = {
			isa = PBXNativeTarget;
			buildConfigurationList = 99220DF92876C7E30002B589 /* Build configuration list for PBXNativeTarget "NewsRx" */;
			buildPhases = (
				99220DE12876C7E20002B589 /* Sources */,
				99220DE22876C7E20002B589 /* Frameworks */,
				99220DE32876C7E20002B589 /* Resources */,
			);
			buildRules = (
			);
			dependencies = (
			);
			name = NewsRx;
			packageProductDependencies = (
				99220E0A2876C9420002B589 /* RxBlocking */,
				99220E0C2876C9420002B589 /* RxCocoa */,
				99220E0E2876C9420002B589 /* RxRelay */,
				99220E102876C9420002B589 /* RxSwift */,
				99220E132876C9550002B589 /* SnapKit */,
				99220E162876C9830002B589 /* Realm */,
				99220E182876C9830002B589 /* RealmSwift */,
			);
			productName = NewsRx;
			productReference = 99220DE52876C7E20002B589 /* NewsRx.app */;
			productType = "com.apple.product-type.application";
		};
/* End PBXNativeTarget section */

/* Begin PBXProject section */
		99220DDD2876C7E20002B589 /* Project object */ = {
			isa = PBXProject;
			attributes = {
				BuildIndependentTargetsInParallel = 1;
				LastSwiftUpdateCheck = 1330;
				LastUpgradeCheck = 1330;
				TargetAttributes = {
					99220DE42876C7E20002B589 = {
						CreatedOnToolsVersion = 13.3.1;
					};
				};
			};
			buildConfigurationList = 99220DE02876C7E20002B589 /* Build configuration list for PBXProject "NewsRx" */;
			compatibilityVersion = "Xcode 13.0";
			developmentRegion = en;
			hasScannedForEncodings = 0;
			knownRegions = (
				en,
				Base,
			);
			mainGroup = 99220DDC2876C7E20002B589;
			packageReferences = (
				99220E092876C9420002B589 /* XCRemoteSwiftPackageReference "RxSwift" */,
				99220E122876C9550002B589 /* XCRemoteSwiftPackageReference "SnapKit" */,
				99220E152876C9830002B589 /* XCRemoteSwiftPackageReference "realm-swift" */,
			);
			productRefGroup = 99220DE62876C7E20002B589 /* Products */;
			projectDirPath = "";
			projectRoot = "";
			targets = (
				99220DE42876C7E20002B589 /* NewsRx */,
			);
		};
/* End PBXProject section */

/* Begin PBXResourcesBuildPhase section */
		99220DE32876C7E20002B589 /* Resources */ = {
			isa = PBXResourcesBuildPhase;
			buildActionMask = 2147483647;
			files = (
				99220DF52876C7E30002B589 /* LaunchScreen.storyboard in Resources */,
				99220DF22876C7E30002B589 /* Assets.xcassets in Resources */,
			);
			runOnlyForDeploymentPostprocessing = 0;
		};
/* End PBXResourcesBuildPhase section */

/* Begin PBXSourcesBuildPhase section */
		99220DE12876C7E20002B589 /* Sources */ = {
			isa = PBXSourcesBuildPhase;
			buildActionMask = 2147483647;
			files = (
				99220E232876C9D40002B589 /* UserRepository.swift in Sources */,
				99220E082876C8F20002B589 /* Tag.swift in Sources */,
				99220E1D2876C9B20002B589 /* UserViewModel.swift in Sources */,
				99220E2D2876CA2E0002B589 /* LoginViewController.swift in Sources */,
				99220E042876C8BA0002B589 /* User.swift in Sources */,
				99220E2B2876CA200002B589 /* ProfileViewController.swift in Sources */,
				99220E312876CA580002B589 /* AppState.swift in Sources */,
				99220E342876CC550002B589 /* NewsListView.swift in Sources */,
				99220DED2876C7E20002B589 /* ViewController.swift in Sources */,
				99220E212876C9CA0002B589 /* NewsRepository.swift in Sources */,
				99220E3B2876D2B90002B589 /* e_UIImageView.swift in Sources */,
				99220E3E2876D9A90002B589 /* UserView.swift in Sources */,
				99220E292876CA160002B589 /* NewsViewController.swift in Sources */,
				99220E382876CD660002B589 /* TagsView.swift in Sources */,
				99220DE92876C7E20002B589 /* AppDelegate.swift in Sources */,
				99220E2F2876CA380002B589 /* RegistrationViewController.swift in Sources */,
				99220E1B2876C9A80002B589 /* NewsViewModel.swift in Sources */,
				99220DFE2876C84B0002B589 /* MainTabBarController.swift in Sources */,
				99220E252876C9DC0002B589 /* AuthRepository.swift in Sources */,
				99220E062876C8CF0002B589 /* Post.swift in Sources */,
				99220E1F2876C9BB0002B589 /* AuthViewModel.swift in Sources */,
				99220E362876CCAB0002B589 /* NewsTableViewCell.swift in Sources */,
			);
			runOnlyForDeploymentPostprocessing = 0;
		};
/* End PBXSourcesBuildPhase section */

/* Begin PBXVariantGroup section */
		99220DF32876C7E30002B589 /* LaunchScreen.storyboard */ = {
			isa = PBXVariantGroup;
			children = (
				99220DF42876C7E30002B589 /* Base */,
			);
			name = LaunchScreen.storyboard;
			sourceTree = "<group>";
		};
/* End PBXVariantGroup section */

/* Begin XCBuildConfiguration section */
		99220DF72876C7E30002B589 /* Debug */ = {
			isa = XCBuildConfiguration;
			buildSettings = {
				ALWAYS_SEARCH_USER_PATHS = NO;
				CLANG_ANALYZER_NONNULL = YES;
				CLANG_ANALYZER_NUMBER_OBJECT_CONVERSION = YES_AGGRESSIVE;
				CLANG_CXX_LANGUAGE_STANDARD = "gnu++17";
				CLANG_ENABLE_MODULES = YES;
				CLANG_ENABLE_OBJC_ARC = YES;
				CLANG_ENABLE_OBJC_WEAK = YES;
				CLANG_WARN_BLOCK_CAPTURE_AUTORELEASING = YES;
				CLANG_WARN_BOOL_CONVERSION = YES;
				CLANG_WARN_COMMA = YES;
				CLANG_WARN_CONSTANT_CONVERSION = YES;
				CLANG_WARN_DEPRECATED_OBJC_IMPLEMENTATIONS = YES;
				CLANG_WARN_DIRECT_OBJC_ISA_USAGE = YES_ERROR;
				CLANG_WARN_DOCUMENTATION_COMMENTS = YES;
				CLANG_WARN_EMPTY_BODY = YES;
				CLANG_WARN_ENUM_CONVERSION = YES;
				CLANG_WARN_INFINITE_RECURSION = YES;
				CLANG_WARN_INT_CONVERSION = YES;
				CLANG_WARN_NON_LITERAL_NULL_CONVERSION = YES;
				CLANG_WARN_OBJC_IMPLICIT_RETAIN_SELF = YES;
				CLANG_WARN_OBJC_LITERAL_CONVERSION = YES;
				CLANG_WARN_OBJC_ROOT_CLASS = YES_ERROR;
				CLANG_WARN_QUOTED_INCLUDE_IN_FRAMEWORK_HEADER = YES;
				CLANG_WARN_RANGE_LOOP_ANALYSIS = YES;
				CLANG_WARN_STRICT_PROTOTYPES = YES;
				CLANG_WARN_SUSPICIOUS_MOVE = YES;
				CLANG_WARN_UNGUARDED_AVAILABILITY = YES_AGGRESSIVE;
				CLANG_WARN_UNREACHABLE_CODE = YES;
				CLANG_WARN__DUPLICATE_METHOD_MATCH = YES;
				COPY_PHASE_STRIP = NO;
				DEBUG_INFORMATION_FORMAT = dwarf;
				ENABLE_STRICT_OBJC_MSGSEND = YES;
				ENABLE_TESTABILITY = YES;
				GCC_C_LANGUAGE_STANDARD = gnu11;
				GCC_DYNAMIC_NO_PIC = NO;
				GCC_NO_COMMON_BLOCKS = YES;
				GCC_OPTIMIZATION_LEVEL = 0;
				GCC_PREPROCESSOR_DEFINITIONS = (
					"DEBUG=1",
					"$(inherited)",
				);
				GCC_WARN_64_TO_32_BIT_CONVERSION = YES;
				GCC_WARN_ABOUT_RETURN_TYPE = YES_ERROR;
				GCC_WARN_UNDECLARED_SELECTOR = YES;
				GCC_WARN_UNINITIALIZED_AUTOS = YES_AGGRESSIVE;
				GCC_WARN_UNUSED_FUNCTION = YES;
				GCC_WARN_UNUSED_VARIABLE = YES;
				IPHONEOS_DEPLOYMENT_TARGET = 15.4;
				MTL_ENABLE_DEBUG_INFO = INCLUDE_SOURCE;
				MTL_FAST_MATH = YES;
				ONLY_ACTIVE_ARCH = YES;
				SDKROOT = iphoneos;
				SWIFT_ACTIVE_COMPILATION_CONDITIONS = DEBUG;
				SWIFT_OPTIMIZATION_LEVEL = "-Onone";
			};
			name = Debug;
		};
		99220DF82876C7E30002B589 /* Release */ = {
			isa = XCBuildConfiguration;
			buildSettings = {
				ALWAYS_SEARCH_USER_PATHS = NO;
				CLANG_ANALYZER_NONNULL = YES;
				CLANG_ANALYZER_NUMBER_OBJECT_CONVERSION = YES_AGGRESSIVE;
				CLANG_CXX_LANGUAGE_STANDARD = "gnu++17";
				CLANG_ENABLE_MODULES = YES;
				CLANG_ENABLE_OBJC_ARC = YES;
				CLANG_ENABLE_OBJC_WEAK = YES;
				CLANG_WARN_BLOCK_CAPTURE_AUTORELEASING = YES;
				CLANG_WARN_BOOL_CONVERSION = YES;
				CLANG_WARN_COMMA = YES;
				CLANG_WARN_CONSTANT_CONVERSION = YES;
				CLANG_WARN_DEPRECATED_OBJC_IMPLEMENTATIONS = YES;
				CLANG_WARN_DIRECT_OBJC_ISA_USAGE = YES_ERROR;
				CLANG_WARN_DOCUMENTATION_COMMENTS = YES;
				CLANG_WARN_EMPTY_BODY = YES;
				CLANG_WARN_ENUM_CONVERSION = YES;
				CLANG_WARN_INFINITE_RECURSION = YES;
				CLANG_WARN_INT_CONVERSION = YES;
				CLANG_WARN_NON_LITERAL_NULL_CONVERSION = YES;
				CLANG_WARN_OBJC_IMPLICIT_RETAIN_SELF = YES;
				CLANG_WARN_OBJC_LITERAL_CONVERSION = YES;
				CLANG_WARN_OBJC_ROOT_CLASS = YES_ERROR;
				CLANG_WARN_QUOTED_INCLUDE_IN_FRAMEWORK_HEADER = YES;
				CLANG_WARN_RANGE_LOOP_ANALYSIS = YES;
				CLANG_WARN_STRICT_PROTOTYPES = YES;
				CLANG_WARN_SUSPICIOUS_MOVE = YES;
				CLANG_WARN_UNGUARDED_AVAILABILITY = YES_AGGRESSIVE;
				CLANG_WARN_UNREACHABLE_CODE = YES;
				CLANG_WARN__DUPLICATE_METHOD_MATCH = YES;
				COPY_PHASE_STRIP = NO;
				DEBUG_INFORMATION_FORMAT = "dwarf-with-dsym";
				ENABLE_NS_ASSERTIONS = NO;
				ENABLE_STRICT_OBJC_MSGSEND = YES;
				GCC_C_LANGUAGE_STANDARD = gnu11;
				GCC_NO_COMMON_BLOCKS = YES;
				GCC_WARN_64_TO_32_BIT_CONVERSION = YES;
				GCC_WARN_ABOUT_RETURN_TYPE = YES_ERROR;
				GCC_WARN_UNDECLARED_SELECTOR = YES;
				GCC_WARN_UNINITIALIZED_AUTOS = YES_AGGRESSIVE;
				GCC_WARN_UNUSED_FUNCTION = YES;
				GCC_WARN_UNUSED_VARIABLE = YES;
				IPHONEOS_DEPLOYMENT_TARGET = 15.4;
				MTL_ENABLE_DEBUG_INFO = NO;
				MTL_FAST_MATH = YES;
				SDKROOT = iphoneos;
				SWIFT_COMPILATION_MODE = wholemodule;
				SWIFT_OPTIMIZATION_LEVEL = "-O";
				VALIDATE_PRODUCT = YES;
			};
			name = Release;
		};
		99220DFA2876C7E30002B589 /* Debug */ = {
			isa = XCBuildConfiguration;
			buildSettings = {
				ASSETCATALOG_COMPILER_APPICON_NAME = AppIcon;
				ASSETCATALOG_COMPILER_GLOBAL_ACCENT_COLOR_NAME = AccentColor;
				CODE_SIGN_STYLE = Automatic;
				CURRENT_PROJECT_VERSION = 1;
				DEVELOPMENT_TEAM = 59WCXNPN4U;
				GENERATE_INFOPLIST_FILE = YES;
				INFOPLIST_FILE = NewsRx/Info.plist;
				INFOPLIST_KEY_UIApplicationSupportsIndirectInputEvents = YES;
				INFOPLIST_KEY_UILaunchStoryboardName = LaunchScreen;
				INFOPLIST_KEY_UISupportedInterfaceOrientations_iPad = "UIInterfaceOrientationPortrait UIInterfaceOrientationPortraitUpsideDown UIInterfaceOrientationLandscapeLeft UIInterfaceOrientationLandscapeRight";
				INFOPLIST_KEY_UISupportedInterfaceOrientations_iPhone = "UIInterfaceOrientationPortrait UIInterfaceOrientationLandscapeLeft UIInterfaceOrientationLandscapeRight";
				LD_RUNPATH_SEARCH_PATHS = (
					"$(inherited)",
					"@executable_path/Frameworks",
				);
				MARKETING_VERSION = 1.0;
				PRODUCT_BUNDLE_IDENTIFIER = DariaSelezneva.NewsRx;
				PRODUCT_NAME = "$(TARGET_NAME)";
				SWIFT_EMIT_LOC_STRINGS = YES;
				SWIFT_VERSION = 5.0;
				TARGETED_DEVICE_FAMILY = "1,2";
			};
			name = Debug;
		};
		99220DFB2876C7E30002B589 /* Release */ = {
			isa = XCBuildConfiguration;
			buildSettings = {
				ASSETCATALOG_COMPILER_APPICON_NAME = AppIcon;
				ASSETCATALOG_COMPILER_GLOBAL_ACCENT_COLOR_NAME = AccentColor;
				CODE_SIGN_STYLE = Automatic;
				CURRENT_PROJECT_VERSION = 1;
				DEVELOPMENT_TEAM = 59WCXNPN4U;
				GENERATE_INFOPLIST_FILE = YES;
				INFOPLIST_FILE = NewsRx/Info.plist;
				INFOPLIST_KEY_UIApplicationSupportsIndirectInputEvents = YES;
				INFOPLIST_KEY_UILaunchStoryboardName = LaunchScreen;
				INFOPLIST_KEY_UISupportedInterfaceOrientations_iPad = "UIInterfaceOrientationPortrait UIInterfaceOrientationPortraitUpsideDown UIInterfaceOrientationLandscapeLeft UIInterfaceOrientationLandscapeRight";
				INFOPLIST_KEY_UISupportedInterfaceOrientations_iPhone = "UIInterfaceOrientationPortrait UIInterfaceOrientationLandscapeLeft UIInterfaceOrientationLandscapeRight";
				LD_RUNPATH_SEARCH_PATHS = (
					"$(inherited)",
					"@executable_path/Frameworks",
				);
				MARKETING_VERSION = 1.0;
				PRODUCT_BUNDLE_IDENTIFIER = DariaSelezneva.NewsRx;
				PRODUCT_NAME = "$(TARGET_NAME)";
				SWIFT_EMIT_LOC_STRINGS = YES;
				SWIFT_VERSION = 5.0;
				TARGETED_DEVICE_FAMILY = "1,2";
			};
			name = Release;
		};
/* End XCBuildConfiguration section */

/* Begin XCConfigurationList section */
		99220DE02876C7E20002B589 /* Build configuration list for PBXProject "NewsRx" */ = {
			isa = XCConfigurationList;
			buildConfigurations = (
				99220DF72876C7E30002B589 /* Debug */,
				99220DF82876C7E30002B589 /* Release */,
			);
			defaultConfigurationIsVisible = 0;
			defaultConfigurationName = Release;
		};
		99220DF92876C7E30002B589 /* Build configuration list for PBXNativeTarget "NewsRx" */ = {
			isa = XCConfigurationList;
			buildConfigurations = (
				99220DFA2876C7E30002B589 /* Debug */,
				99220DFB2876C7E30002B589 /* Release */,
			);
			defaultConfigurationIsVisible = 0;
			defaultConfigurationName = Release;
		};
/* End XCConfigurationList section */

/* Begin XCRemoteSwiftPackageReference section */
		99220E092876C9420002B589 /* XCRemoteSwiftPackageReference "RxSwift" */ = {
			isa = XCRemoteSwiftPackageReference;
			repositoryURL = "https://github.com/ReactiveX/RxSwift";
			requirement = {
				branch = main;
				kind = branch;
			};
		};
		99220E122876C9550002B589 /* XCRemoteSwiftPackageReference "SnapKit" */ = {
			isa = XCRemoteSwiftPackageReference;
			repositoryURL = "https://github.com/SnapKit/SnapKit";
			requirement = {
				branch = develop;
				kind = branch;
			};
		};
		99220E152876C9830002B589 /* XCRemoteSwiftPackageReference "realm-swift" */ = {
			isa = XCRemoteSwiftPackageReference;
			repositoryURL = "https://github.com/realm/realm-swift";
			requirement = {
				branch = master;
				kind = branch;
			};
		};
/* End XCRemoteSwiftPackageReference section */

/* Begin XCSwiftPackageProductDependency section */
		99220E0A2876C9420002B589 /* RxBlocking */ = {
			isa = XCSwiftPackageProductDependency;
			package = 99220E092876C9420002B589 /* XCRemoteSwiftPackageReference "RxSwift" */;
			productName = RxBlocking;
		};
		99220E0C2876C9420002B589 /* RxCocoa */ = {
			isa = XCSwiftPackageProductDependency;
			package = 99220E092876C9420002B589 /* XCRemoteSwiftPackageReference "RxSwift" */;
			productName = RxCocoa;
		};
		99220E0E2876C9420002B589 /* RxRelay */ = {
			isa = XCSwiftPackageProductDependency;
			package = 99220E092876C9420002B589 /* XCRemoteSwiftPackageReference "RxSwift" */;
			productName = RxRelay;
		};
		99220E102876C9420002B589 /* RxSwift */ = {
			isa = XCSwiftPackageProductDependency;
			package = 99220E092876C9420002B589 /* XCRemoteSwiftPackageReference "RxSwift" */;
			productName = RxSwift;
		};
		99220E132876C9550002B589 /* SnapKit */ = {
			isa = XCSwiftPackageProductDependency;
			package = 99220E122876C9550002B589 /* XCRemoteSwiftPackageReference "SnapKit" */;
			productName = SnapKit;
		};
		99220E162876C9830002B589 /* Realm */ = {
			isa = XCSwiftPackageProductDependency;
			package = 99220E152876C9830002B589 /* XCRemoteSwiftPackageReference "realm-swift" */;
			productName = Realm;
		};
		99220E182876C9830002B589 /* RealmSwift */ = {
			isa = XCSwiftPackageProductDependency;
			package = 99220E152876C9830002B589 /* XCRemoteSwiftPackageReference "realm-swift" */;
			productName = RealmSwift;
		};
/* End XCSwiftPackageProductDependency section */
	};
	rootObject = 99220DDD2876C7E20002B589 /* Project object */;
}
